// !$*UTF8*$!
{
	archiveVersion = 1;
	classes = {
	};
	objectVersion = 50;
	objects = {

/* Begin PBXBuildFile section */
		2C331267233249D8006156C7 /* AppDelegate.swift in Sources */ = {isa = PBXBuildFile; fileRef = 2C331266233249D8006156C7 /* AppDelegate.swift */; };
		2C331269233249D8006156C7 /* ViewController.swift in Sources */ = {isa = PBXBuildFile; fileRef = 2C331268233249D8006156C7 /* ViewController.swift */; };
		2C33126C233249D8006156C7 /* Main.storyboard in Resources */ = {isa = PBXBuildFile; fileRef = 2C33126A233249D8006156C7 /* Main.storyboard */; };
		2C33126E233249D9006156C7 /* Assets.xcassets in Resources */ = {isa = PBXBuildFile; fileRef = 2C33126D233249D9006156C7 /* Assets.xcassets */; };
		2C331271233249D9006156C7 /* LaunchScreen.storyboard in Resources */ = {isa = PBXBuildFile; fileRef = 2C33126F233249D9006156C7 /* LaunchScreen.storyboard */; };
		2C33127C233249D9006156C7 /* IUE_Worksheet1Tests.swift in Sources */ = {isa = PBXBuildFile; fileRef = 2C33127B233249D9006156C7 /* IUE_Worksheet1Tests.swift */; };
		2C331287233249D9006156C7 /* IUE_Worksheet1UITests.swift in Sources */ = {isa = PBXBuildFile; fileRef = 2C331286233249D9006156C7 /* IUE_Worksheet1UITests.swift */; };
/* End PBXBuildFile section */

/* Begin PBXContainerItemProxy section */
		2C331278233249D9006156C7 /* PBXContainerItemProxy */ = {
			isa = PBXContainerItemProxy;
			containerPortal = 2C33125B233249D8006156C7 /* Project object */;
			proxyType = 1;
			remoteGlobalIDString = 2C331262233249D8006156C7;
			remoteInfo = "IUE-Worksheet1";
		};
		2C331283233249D9006156C7 /* PBXContainerItemProxy */ = {
			isa = PBXContainerItemProxy;
			containerPortal = 2C33125B233249D8006156C7 /* Project object */;
			proxyType = 1;
			remoteGlobalIDString = 2C331262233249D8006156C7;
			remoteInfo = "IUE-Worksheet1";
		};
/* End PBXContainerItemProxy section */

/* Begin PBXFileReference section */
		2C331263233249D8006156C7 /* IUE-Worksheet1.app */ = {isa = PBXFileReference; explicitFileType = wrapper.application; includeInIndex = 0; path = "IUE-Worksheet1.app"; sourceTree = BUILT_PRODUCTS_DIR; };
		2C331266233249D8006156C7 /* AppDelegate.swift */ = {isa = PBXFileReference; lastKnownFileType = sourcecode.swift; path = AppDelegate.swift; sourceTree = "<group>"; };
		2C331268233249D8006156C7 /* ViewController.swift */ = {isa = PBXFileReference; lastKnownFileType = sourcecode.swift; path = ViewController.swift; sourceTree = "<group>"; };
		2C33126B233249D8006156C7 /* Base */ = {isa = PBXFileReference; lastKnownFileType = file.storyboard; name = Base; path = Base.lproj/Main.storyboard; sourceTree = "<group>"; };
		2C33126D233249D9006156C7 /* Assets.xcassets */ = {isa = PBXFileReference; lastKnownFileType = folder.assetcatalog; path = Assets.xcassets; sourceTree = "<group>"; };
		2C331270233249D9006156C7 /* Base */ = {isa = PBXFileReference; lastKnownFileType = file.storyboard; name = Base; path = Base.lproj/LaunchScreen.storyboard; sourceTree = "<group>"; };
		2C331272233249D9006156C7 /* Info.plist */ = {isa = PBXFileReference; lastKnownFileType = text.plist.xml; path = Info.plist; sourceTree = "<group>"; };
		2C331277233249D9006156C7 /* IUE-Worksheet1Tests.xctest */ = {isa = PBXFileReference; explicitFileType = wrapper.cfbundle; includeInIndex = 0; path = "IUE-Worksheet1Tests.xctest"; sourceTree = BUILT_PRODUCTS_DIR; };
		2C33127B233249D9006156C7 /* IUE_Worksheet1Tests.swift */ = {isa = PBXFileReference; lastKnownFileType = sourcecode.swift; path = IUE_Worksheet1Tests.swift; sourceTree = "<group>"; };
		2C33127D233249D9006156C7 /* Info.plist */ = {isa = PBXFileReference; lastKnownFileType = text.plist.xml; path = Info.plist; sourceTree = "<group>"; };
		2C331282233249D9006156C7 /* IUE-Worksheet1UITests.xctest */ = {isa = PBXFileReference; explicitFileType = wrapper.cfbundle; includeInIndex = 0; path = "IUE-Worksheet1UITests.xctest"; sourceTree = BUILT_PRODUCTS_DIR; };
		2C331286233249D9006156C7 /* IUE_Worksheet1UITests.swift */ = {isa = PBXFileReference; lastKnownFileType = sourcecode.swift; path = IUE_Worksheet1UITests.swift; sourceTree = "<group>"; };
		2C331288233249D9006156C7 /* Info.plist */ = {isa = PBXFileReference; lastKnownFileType = text.plist.xml; path = Info.plist; sourceTree = "<group>"; };
/* End PBXFileReference section */

/* Begin PBXFrameworksBuildPhase section */
		2C331260233249D8006156C7 /* Frameworks */ = {
			isa = PBXFrameworksBuildPhase;
			buildActionMask = 2147483647;
			files = (
			);
			runOnlyForDeploymentPostprocessing = 0;
		};
		2C331274233249D9006156C7 /* Frameworks */ = {
			isa = PBXFrameworksBuildPhase;
			buildActionMask = 2147483647;
			files = (
			);
			runOnlyForDeploymentPostprocessing = 0;
		};
		2C33127F233249D9006156C7 /* Frameworks */ = {
			isa = PBXFrameworksBuildPhase;
			buildActionMask = 2147483647;
			files = (
			);
			runOnlyForDeploymentPostprocessing = 0;
		};
/* End PBXFrameworksBuildPhase section */

/* Begin PBXGroup section */
		2C33125A233249D8006156C7 = {
			isa = PBXGroup;
			children = (
				2C331265233249D8006156C7 /* IUE-Worksheet1 */,
				2C33127A233249D9006156C7 /* IUE-Worksheet1Tests */,
				2C331285233249D9006156C7 /* IUE-Worksheet1UITests */,
				2C331264233249D8006156C7 /* Products */,
			);
			sourceTree = "<group>";
		};
		2C331264233249D8006156C7 /* Products */ = {
			isa = PBXGroup;
			children = (
				2C331263233249D8006156C7 /* IUE-Worksheet1.app */,
				2C331277233249D9006156C7 /* IUE-Worksheet1Tests.xctest */,
				2C331282233249D9006156C7 /* IUE-Worksheet1UITests.xctest */,
			);
			name = Products;
			sourceTree = "<group>";
		};
		2C331265233249D8006156C7 /* IUE-Worksheet1 */ = {
			isa = PBXGroup;
			children = (
				2C331266233249D8006156C7 /* AppDelegate.swift */,
				2C331268233249D8006156C7 /* ViewController.swift */,
				2C33126A233249D8006156C7 /* Main.storyboard */,
				2C33126D233249D9006156C7 /* Assets.xcassets */,
				2C33126F233249D9006156C7 /* LaunchScreen.storyboard */,
				2C331272233249D9006156C7 /* Info.plist */,
			);
			path = "IUE-Worksheet1";
			sourceTree = "<group>";
		};
		2C33127A233249D9006156C7 /* IUE-Worksheet1Tests */ = {
			isa = PBXGroup;
			children = (
				2C33127B233249D9006156C7 /* IUE_Worksheet1Tests.swift */,
				2C33127D233249D9006156C7 /* Info.plist */,
			);
			path = "IUE-Worksheet1Tests";
			sourceTree = "<group>";
		};
		2C331285233249D9006156C7 /* IUE-Worksheet1UITests */ = {
			isa = PBXGroup;
			children = (
				2C331286233249D9006156C7 /* IUE_Worksheet1UITests.swift */,
				2C331288233249D9006156C7 /* Info.plist */,
			);
			path = "IUE-Worksheet1UITests";
			sourceTree = "<group>";
		};
/* End PBXGroup section */

/* Begin PBXNativeTarget section */
		2C331262233249D8006156C7 /* IUE-Worksheet1 */ = {
			isa = PBXNativeTarget;
			buildConfigurationList = 2C33128B233249D9006156C7 /* Build configuration list for PBXNativeTarget "IUE-Worksheet1" */;
			buildPhases = (
				2C33125F233249D8006156C7 /* Sources */,
				2C331260233249D8006156C7 /* Frameworks */,
				2C331261233249D8006156C7 /* Resources */,
			);
			buildRules = (
			);
			dependencies = (
			);
			name = "IUE-Worksheet1";
			productName = "IUE-Worksheet1";
			productReference = 2C331263233249D8006156C7 /* IUE-Worksheet1.app */;
			productType = "com.apple.product-type.application";
		};
		2C331276233249D9006156C7 /* IUE-Worksheet1Tests */ = {
			isa = PBXNativeTarget;
			buildConfigurationList = 2C33128E233249D9006156C7 /* Build configuration list for PBXNativeTarget "IUE-Worksheet1Tests" */;
			buildPhases = (
				2C331273233249D9006156C7 /* Sources */,
				2C331274233249D9006156C7 /* Frameworks */,
				2C331275233249D9006156C7 /* Resources */,
			);
			buildRules = (
			);
			dependencies = (
				2C331279233249D9006156C7 /* PBXTargetDependency */,
			);
			name = "IUE-Worksheet1Tests";
			productName = "IUE-Worksheet1Tests";
			productReference = 2C331277233249D9006156C7 /* IUE-Worksheet1Tests.xctest */;
			productType = "com.apple.product-type.bundle.unit-test";
		};
		2C331281233249D9006156C7 /* IUE-Worksheet1UITests */ = {
			isa = PBXNativeTarget;
			buildConfigurationList = 2C331291233249D9006156C7 /* Build configuration list for PBXNativeTarget "IUE-Worksheet1UITests" */;
			buildPhases = (
				2C33127E233249D9006156C7 /* Sources */,
				2C33127F233249D9006156C7 /* Frameworks */,
				2C331280233249D9006156C7 /* Resources */,
			);
			buildRules = (
			);
			dependencies = (
				2C331284233249D9006156C7 /* PBXTargetDependency */,
			);
			name = "IUE-Worksheet1UITests";
			productName = "IUE-Worksheet1UITests";
			productReference = 2C331282233249D9006156C7 /* IUE-Worksheet1UITests.xctest */;
			productType = "com.apple.product-type.bundle.ui-testing";
		};
/* End PBXNativeTarget section */

/* Begin PBXProject section */
		2C33125B233249D8006156C7 /* Project object */ = {
			isa = PBXProject;
			attributes = {
				LastSwiftUpdateCheck = 1020;
				LastUpgradeCheck = 1020;
				ORGANIZATIONNAME = formando;
				TargetAttributes = {
					2C331262233249D8006156C7 = {
						CreatedOnToolsVersion = 10.2.1;
					};
					2C331276233249D9006156C7 = {
						CreatedOnToolsVersion = 10.2.1;
						TestTargetID = 2C331262233249D8006156C7;
					};
					2C331281233249D9006156C7 = {
						CreatedOnToolsVersion = 10.2.1;
						TestTargetID = 2C331262233249D8006156C7;
					};
				};
			};
			buildConfigurationList = 2C33125E233249D8006156C7 /* Build configuration list for PBXProject "IUE-Worksheet1" */;
			compatibilityVersion = "Xcode 9.3";
			developmentRegion = en;
			hasScannedForEncodings = 0;
			knownRegions = (
				en,
				Base,
			);
			mainGroup = 2C33125A233249D8006156C7;
			productRefGroup = 2C331264233249D8006156C7 /* Products */;
			projectDirPath = "";
			projectRoot = "";
			targets = (
				2C331262233249D8006156C7 /* IUE-Worksheet1 */,
				2C331276233249D9006156C7 /* IUE-Worksheet1Tests */,
				2C331281233249D9006156C7 /* IUE-Worksheet1UITests */,
			);
		};
/* End PBXProject section */

/* Begin PBXResourcesBuildPhase section */
		2C331261233249D8006156C7 /* Resources */ = {
			isa = PBXResourcesBuildPhase;
			buildActionMask = 2147483647;
			files = (
				2C331271233249D9006156C7 /* LaunchScreen.storyboard in Resources */,
				2C33126E233249D9006156C7 /* Assets.xcassets in Resources */,
				2C33126C233249D8006156C7 /* Main.storyboard in Resources */,
			);
			runOnlyForDeploymentPostprocessing = 0;
		};
		2C331275233249D9006156C7 /* Resources */ = {
			isa = PBXResourcesBuildPhase;
			buildActionMask = 2147483647;
			files = (
			);
			runOnlyForDeploymentPostprocessing = 0;
		};
		2C331280233249D9006156C7 /* Resources */ = {
			isa = PBXResourcesBuildPhase;
			buildActionMask = 2147483647;
			files = (
			);
			runOnlyForDeploymentPostprocessing = 0;
		};
/* End PBXResourcesBuildPhase section */

/* Begin PBXSourcesBuildPhase section */
		2C33125F233249D8006156C7 /* Sources */ = {
			isa = PBXSourcesBuildPhase;
			buildActionMask = 2147483647;
			files = (
				2C331269233249D8006156C7 /* ViewController.swift in Sources */,
				2C331267233249D8006156C7 /* AppDelegate.swift in Sources */,
			);
			runOnlyForDeploymentPostprocessing = 0;
		};
		2C331273233249D9006156C7 /* Sources */ = {
			isa = PBXSourcesBuildPhase;
			buildActionMask = 2147483647;
			files = (
				2C33127C233249D9006156C7 /* IUE_Worksheet1Tests.swift in Sources */,
			);
			runOnlyForDeploymentPostprocessing = 0;
		};
		2C33127E233249D9006156C7 /* Sources */ = {
			isa = PBXSourcesBuildPhase;
			buildActionMask = 2147483647;
			files = (
				2C331287233249D9006156C7 /* IUE_Worksheet1UITests.swift in Sources */,
			);
			runOnlyForDeploymentPostprocessing = 0;
		};
/* End PBXSourcesBuildPhase section */

/* Begin PBXTargetDependency section */
		2C331279233249D9006156C7 /* PBXTargetDependency */ = {
			isa = PBXTargetDependency;
			target = 2C331262233249D8006156C7 /* IUE-Worksheet1 */;
			targetProxy = 2C331278233249D9006156C7 /* PBXContainerItemProxy */;
		};
		2C331284233249D9006156C7 /* PBXTargetDependency */ = {
			isa = PBXTargetDependency;
			target = 2C331262233249D8006156C7 /* IUE-Worksheet1 */;
			targetProxy = 2C331283233249D9006156C7 /* PBXContainerItemProxy */;
		};
/* End PBXTargetDependency section */

/* Begin PBXVariantGroup section */
		2C33126A233249D8006156C7 /* Main.storyboard */ = {
			isa = PBXVariantGroup;
			children = (
				2C33126B233249D8006156C7 /* Base */,
			);
			name = Main.storyboard;
			sourceTree = "<group>";
		};
		2C33126F233249D9006156C7 /* LaunchScreen.storyboard */ = {
			isa = PBXVariantGroup;
			children = (
				2C331270233249D9006156C7 /* Base */,
			);
			name = LaunchScreen.storyboard;
			sourceTree = "<group>";
		};
/* End PBXVariantGroup section */

/* Begin XCBuildConfiguration section */
		2C331289233249D9006156C7 /* Debug */ = {
			isa = XCBuildConfiguration;
			buildSettings = {
				ALWAYS_SEARCH_USER_PATHS = NO;
				CLANG_ANALYZER_NONNULL = YES;
				CLANG_ANALYZER_NUMBER_OBJECT_CONVERSION = YES_AGGRESSIVE;
				CLANG_CXX_LANGUAGE_STANDARD = "gnu++14";
				CLANG_CXX_LIBRARY = "libc++";
				CLANG_ENABLE_MODULES = YES;
				CLANG_ENABLE_OBJC_ARC = YES;
				CLANG_ENABLE_OBJC_WEAK = YES;
				CLANG_WARN_BLOCK_CAPTURE_AUTORELEASING = YES;
				CLANG_WARN_BOOL_CONVERSION = YES;
				CLANG_WARN_COMMA = YES;
				CLANG_WARN_CONSTANT_CONVERSION = YES;
				CLANG_WARN_DEPRECATED_OBJC_IMPLEMENTATIONS = YES;
				CLANG_WARN_DIRECT_OBJC_ISA_USAGE = YES_ERROR;
				CLANG_WARN_DOCUMENTATION_COMMENTS = YES;
				CLANG_WARN_EMPTY_BODY = YES;
				CLANG_WARN_ENUM_CONVERSION = YES;
				CLANG_WARN_INFINITE_RECURSION = YES;
				CLANG_WARN_INT_CONVERSION = YES;
				CLANG_WARN_NON_LITERAL_NULL_CONVERSION = YES;
				CLANG_WARN_OBJC_IMPLICIT_RETAIN_SELF = YES;
				CLANG_WARN_OBJC_LITERAL_CONVERSION = YES;
				CLANG_WARN_OBJC_ROOT_CLASS = YES_ERROR;
				CLANG_WARN_RANGE_LOOP_ANALYSIS = YES;
				CLANG_WARN_STRICT_PROTOTYPES = YES;
				CLANG_WARN_SUSPICIOUS_MOVE = YES;
				CLANG_WARN_UNGUARDED_AVAILABILITY = YES_AGGRESSIVE;
				CLANG_WARN_UNREACHABLE_CODE = YES;
				CLANG_WARN__DUPLICATE_METHOD_MATCH = YES;
				CODE_SIGN_IDENTITY = "iPhone Developer";
				COPY_PHASE_STRIP = NO;
				DEBUG_INFORMATION_FORMAT = dwarf;
				ENABLE_STRICT_OBJC_MSGSEND = YES;
				ENABLE_TESTABILITY = YES;
				GCC_C_LANGUAGE_STANDARD = gnu11;
				GCC_DYNAMIC_NO_PIC = NO;
				GCC_NO_COMMON_BLOCKS = YES;
				GCC_OPTIMIZATION_LEVEL = 0;
				GCC_PREPROCESSOR_DEFINITIONS = (
					"DEBUG=1",
					"$(inherited)",
				);
				GCC_WARN_64_TO_32_BIT_CONVERSION = YES;
				GCC_WARN_ABOUT_RETURN_TYPE = YES_ERROR;
				GCC_WARN_UNDECLARED_SELECTOR = YES;
				GCC_WARN_UNINITIALIZED_AUTOS = YES_AGGRESSIVE;
				GCC_WARN_UNUSED_FUNCTION = YES;
				GCC_WARN_UNUSED_VARIABLE = YES;
				IPHONEOS_DEPLOYMENT_TARGET = 12.2;
				MTL_ENABLE_DEBUG_INFO = INCLUDE_SOURCE;
				MTL_FAST_MATH = YES;
				ONLY_ACTIVE_ARCH = YES;
				SDKROOT = iphoneos;
				SWIFT_ACTIVE_COMPILATION_CONDITIONS = DEBUG;
				SWIFT_OPTIMIZATION_LEVEL = "-Onone";
			};
			name = Debug;
		};
		2C33128A233249D9006156C7 /* Release */ = {
			isa = XCBuildConfiguration;
			buildSettings = {
				ALWAYS_SEARCH_USER_PATHS = NO;
				CLANG_ANALYZER_NONNULL = YES;
				CLANG_ANALYZER_NUMBER_OBJECT_CONVERSION = YES_AGGRESSIVE;
				CLANG_CXX_LANGUAGE_STANDARD = "gnu++14";
				CLANG_CXX_LIBRARY = "libc++";
				CLANG_ENABLE_MODULES = YES;
				CLANG_ENABLE_OBJC_ARC = YES;
				CLANG_ENABLE_OBJC_WEAK = YES;
				CLANG_WARN_BLOCK_CAPTURE_AUTORELEASING = YES;
				CLANG_WARN_BOOL_CONVERSION = YES;
				CLANG_WARN_COMMA = YES;
				CLANG_WARN_CONSTANT_CONVERSION = YES;
				CLANG_WARN_DEPRECATED_OBJC_IMPLEMENTATIONS = YES;
				CLANG_WARN_DIRECT_OBJC_ISA_USAGE = YES_ERROR;
				CLANG_WARN_DOCUMENTATION_COMMENTS = YES;
				CLANG_WARN_EMPTY_BODY = YES;
				CLANG_WARN_ENUM_CONVERSION = YES;
				CLANG_WARN_INFINITE_RECURSION = YES;
				CLANG_WARN_INT_CONVERSION = YES;
				CLANG_WARN_NON_LITERAL_NULL_CONVERSION = YES;
				CLANG_WARN_OBJC_IMPLICIT_RETAIN_SELF = YES;
				CLANG_WARN_OBJC_LITERAL_CONVERSION = YES;
				CLANG_WARN_OBJC_ROOT_CLASS = YES_ERROR;
				CLANG_WARN_RANGE_LOOP_ANALYSIS = YES;
				CLANG_WARN_STRICT_PROTOTYPES = YES;
				CLANG_WARN_SUSPICIOUS_MOVE = YES;
				CLANG_WARN_UNGUARDED_AVAILABILITY = YES_AGGRESSIVE;
				CLANG_WARN_UNREACHABLE_CODE = YES;
				CLANG_WARN__DUPLICATE_METHOD_MATCH = YES;
				CODE_SIGN_IDENTITY = "iPhone Developer";
				COPY_PHASE_STRIP = NO;
				DEBUG_INFORMATION_FORMAT = "dwarf-with-dsym";
				ENABLE_NS_ASSERTIONS = NO;
				ENABLE_STRICT_OBJC_MSGSEND = YES;
				GCC_C_LANGUAGE_STANDARD = gnu11;
				GCC_NO_COMMON_BLOCKS = YES;
				GCC_WARN_64_TO_32_BIT_CONVERSION = YES;
				GCC_WARN_ABOUT_RETURN_TYPE = YES_ERROR;
				GCC_WARN_UNDECLARED_SELECTOR = YES;
				GCC_WARN_UNINITIALIZED_AUTOS = YES_AGGRESSIVE;
				GCC_WARN_UNUSED_FUNCTION = YES;
				GCC_WARN_UNUSED_VARIABLE = YES;
				IPHONEOS_DEPLOYMENT_TARGET = 12.2;
				MTL_ENABLE_DEBUG_INFO = NO;
				MTL_FAST_MATH = YES;
				SDKROOT = iphoneos;
				SWIFT_COMPILATION_MODE = wholemodule;
				SWIFT_OPTIMIZATION_LEVEL = "-O";
				VALIDATE_PRODUCT = YES;
			};
			name = Release;
		};
		2C33128C233249D9006156C7 /* Debug */ = {
			isa = XCBuildConfiguration;
			buildSettings = {
				ASSETCATALOG_COMPILER_APPICON_NAME = AppIcon;
				CODE_SIGN_STYLE = Automatic;
				INFOPLIST_FILE = "IUE-Worksheet1/Info.plist";
				LD_RUNPATH_SEARCH_PATHS = (
					"$(inherited)",
					"@executable_path/Frameworks",
				);
				PRODUCT_BUNDLE_IDENTIFIER = "pt.ipleiria.IUE-Worksheet1";
				PRODUCT_NAME = "$(TARGET_NAME)";
				SWIFT_VERSION = 5.0;
				TARGETED_DEVICE_FAMILY = "1,2";
			};
			name = Debug;
		};
		2C33128D233249D9006156C7 /* Release */ = {
			isa = XCBuildConfiguration;
			buildSettings = {
				ASSETCATALOG_COMPILER_APPICON_NAME = AppIcon;
				CODE_SIGN_STYLE = Automatic;
				INFOPLIST_FILE = "IUE-Worksheet1/Info.plist";
				LD_RUNPATH_SEARCH_PATHS = (
					"$(inherited)",
					"@executable_path/Frameworks",
				);
				PRODUCT_BUNDLE_IDENTIFIER = "pt.ipleiria.IUE-Worksheet1";
				PRODUCT_NAME = "$(TARGET_NAME)";
				SWIFT_VERSION = 5.0;
				TARGETED_DEVICE_FAMILY = "1,2";
			};
			name = Release;
		};
		2C33128F233249D9006156C7 /* Debug */ = {
			isa = XCBuildConfiguration;
			buildSettings = {
				ALWAYS_EMBED_SWIFT_STANDARD_LIBRARIES = YES;
				BUNDLE_LOADER = "$(TEST_HOST)";
				CODE_SIGN_STYLE = Automatic;
				INFOPLIST_FILE = "IUE-Worksheet1Tests/Info.plist";
				LD_RUNPATH_SEARCH_PATHS = (
					"$(inherited)",
					"@executable_path/Frameworks",
					"@loader_path/Frameworks",
				);
				PRODUCT_BUNDLE_IDENTIFIER = "pt.ipleiria.IUE-Worksheet1Tests";
				PRODUCT_NAME = "$(TARGET_NAME)";
				SWIFT_VERSION = 5.0;
				TARGETED_DEVICE_FAMILY = "1,2";
				TEST_HOST = "$(BUILT_PRODUCTS_DIR)/IUE-Worksheet1.app/IUE-Worksheet1";
			};
			name = Debug;
		};
		2C331290233249D9006156C7 /* Release */ = {
			isa = XCBuildConfiguration;
			buildSettings = {
				ALWAYS_EMBED_SWIFT_STANDARD_LIBRARIES = YES;
				BUNDLE_LOADER = "$(TEST_HOST)";
				CODE_SIGN_STYLE = Automatic;
				INFOPLIST_FILE = "IUE-Worksheet1Tests/Info.plist";
				LD_RUNPATH_SEARCH_PATHS = (
					"$(inherited)",
					"@executable_path/Frameworks",
					"@loader_path/Frameworks",
				);
				PRODUCT_BUNDLE_IDENTIFIER = "pt.ipleiria.IUE-Worksheet1Tests";
				PRODUCT_NAME = "$(TARGET_NAME)";
				SWIFT_VERSION = 5.0;
				TARGETED_DEVICE_FAMILY = "1,2";
				TEST_HOST = "$(BUILT_PRODUCTS_DIR)/IUE-Worksheet1.app/IUE-Worksheet1";
			};
			name = Release;
		};
		2C331292233249D9006156C7 /* Debug */ = {
			isa = XCBuildConfiguration;
			buildSettings = {
				ALWAYS_EMBED_SWIFT_STANDARD_LIBRARIES = YES;
				CODE_SIGN_STYLE = Automatic;
				INFOPLIST_FILE = "IUE-Worksheet1UITests/Info.plist";
				LD_RUNPATH_SEARCH_PATHS = (
					"$(inherited)",
					"@executable_path/Frameworks",
					"@loader_path/Frameworks",
				);
				PRODUCT_BUNDLE_IDENTIFIER = "pt.ipleiria.IUE-Worksheet1UITests";
				PRODUCT_NAME = "$(TARGET_NAME)";
				SWIFT_VERSION = 5.0;
				TARGETED_DEVICE_FAMILY = "1,2";
				TEST_TARGET_NAME = "IUE-Worksheet1";
			};
			name = Debug;
		};
		2C331293233249D9006156C7 /* Release */ = {
			isa = XCBuildConfiguration;
			buildSettings = {
				ALWAYS_EMBED_SWIFT_STANDARD_LIBRARIES = YES;
				CODE_SIGN_STYLE = Automatic;
				INFOPLIST_FILE = "IUE-Worksheet1UITests/Info.plist";
				LD_RUNPATH_SEARCH_PATHS = (
					"$(inherited)",
					"@executable_path/Frameworks",
					"@loader_path/Frameworks",
				);
				PRODUCT_BUNDLE_IDENTIFIER = "pt.ipleiria.IUE-Worksheet1UITests";
				PRODUCT_NAME = "$(TARGET_NAME)";
				SWIFT_VERSION = 5.0;
				TARGETED_DEVICE_FAMILY = "1,2";
				TEST_TARGET_NAME = "IUE-Worksheet1";
			};
			name = Release;
		};
/* End XCBuildConfiguration section */

/* Begin XCConfigurationList section */
		2C33125E233249D8006156C7 /* Build configuration list for PBXProject "IUE-Worksheet1" */ = {
			isa = XCConfigurationList;
			buildConfigurations = (
				2C331289233249D9006156C7 /* Debug */,
				2C33128A233249D9006156C7 /* Release */,
			);
			defaultConfigurationIsVisible = 0;
			defaultConfigurationName = Release;
		};
		2C33128B233249D9006156C7 /* Build configuration list for PBXNativeTarget "IUE-Worksheet1" */ = {
			isa = XCConfigurationList;
			buildConfigurations = (
				2C33128C233249D9006156C7 /* Debug */,
				2C33128D233249D9006156C7 /* Release */,
			);
			defaultConfigurationIsVisible = 0;
			defaultConfigurationName = Release;
		};
		2C33128E233249D9006156C7 /* Build configuration list for PBXNativeTarget "IUE-Worksheet1Tests" */ = {
			isa = XCConfigurationList;
			buildConfigurations = (
				2C33128F233249D9006156C7 /* Debug */,
				2C331290233249D9006156C7 /* Release */,
			);
			defaultConfigurationIsVisible = 0;
			defaultConfigurationName = Release;
		};
		2C331291233249D9006156C7 /* Build configuration list for PBXNativeTarget "IUE-Worksheet1UITests" */ = {
			isa = XCConfigurationList;
			buildConfigurations = (
				2C331292233249D9006156C7 /* Debug */,
				2C331293233249D9006156C7 /* Release */,
			);
			defaultConfigurationIsVisible = 0;
			defaultConfigurationName = Release;
		};
/* End XCConfigurationList section */
	};
	rootObject = 2C33125B233249D8006156C7 /* Project object */;
}
